github.com/buke/quickjs-go v0.1.14 h1:o7Jiq1t2lGcYjwAikOGCUQ54+w3D/2LIfGR3NAlrpvw=
github.com/buke/quickjs-go v0.1.14/go.mod h1:SDDaB5DLYvtwVMN2tiDxTeY3A4fRXBAuJO1R/FJaGqo=
github.com/buke/quickjs-go-polyfill v0.0.5 h1:5rY4ZDMnwB9y94mig056CZdHPSrY7RsiU2aIGoSRMzo=
github.com/buke/quickjs-go-polyfill v0.0.5/go.mod h1:GEmBUscNSZVj9IGb4bpqG5KY+3hrqAq/iOONPBmU/1g=
github.com/evanw/esbuild v0.19.3 h1:foPr0xwQM3lBWKBtscauTN9FrmJzRDVI2+EGOs82H/I=
github.com/evanw/esbuild v0.19.3/go.mod h1:iINY06rn799hi48UqEnaQvVfZWe6W9bET78LbvN8VWk=
golang.org/x/sys v0.0.0-20220715151400-c0bba94af5f8 h1:0A+M6Uqn+Eje4kHMK80dtF3JCXC4ykBgQG4Fe06QRhQ=
golang.org/x/sys v0.0.0-20220715151400-c0bba94af5f8/go.mod h1:oPkhp1MJrh7nUepCBck5+mAzfO9JrbApNNgaTdGDITg=
